
Microsoft Visual Studio Solution File, Format Version 12.00
# Visual Studio Version 16
VisualStudioVersion = 16.0.31019.35
MinimumVisualStudioVersion = 10.0.40219.1
Project("{9A19103F-16F7-4668-BE54-9A1E7A4F7556}") = "TransactionAPI", "TransactionAPI\TransactionAPI.csproj", "{8E02A188-027F-4C23-B929-0887A90319E1}"
EndProject
Project("{2150E333-8FDC-42A3-9474-1A3956D46DE8}") = "API", "API", "{E0F555A5-29E2-44FE-80B6-382E184E001A}"
EndProject
Project("{9A19103F-16F7-4668-BE54-9A1E7A4F7556}") = "TransactionAPI.Data", "TransactionAPI.Data\TransactionAPI.Data.csproj", "{D680151E-ACCC-47B9-9FF0-E48410BBD0E3}"
EndProject
Project("{9A19103F-16F7-4668-BE54-9A1E7A4F7556}") = "Shared.Models", "..\Shared\Shared.Models\Shared.Models.csproj", "{E9F9253C-039D-49F1-8FDE-0C7E66DEF284}"
EndProject
Project("{9A19103F-16F7-4668-BE54-9A1E7A4F7556}") = "Shared.Helpers", "..\Shared\Shared.Helpers\Shared.Helpers.csproj", "{337A40F9-CDE3-4FB0-B441-3BAAFCC3AD55}"
EndProject
Project("{9A19103F-16F7-4668-BE54-9A1E7A4F7556}") = "Shared.Interfaces", "..\Shared\Shared.Interfaces\Shared.Interfaces.csproj", "{056CB175-122B-4FA5-BC92-1145187E1A5A}"
EndProject
Project("{9A19103F-16F7-4668-BE54-9A1E7A4F7556}") = "TransactionAPI.Service", "TransactionAPI.Service\TransactionAPI.Service.csproj", "{7A5F07F9-470C-4E28-AB78-1BF8FBCA0A15}"
EndProject
Project("{9A19103F-16F7-4668-BE54-9A1E7A4F7556}") = "TransactionAPI.Messaging.Receive", "TransactionAPI.Messaging.Receive\TransactionAPI.Messaging.Receive.csproj", "{F44DB333-9148-4AE2-9D17-A98C3CF560E1}"
EndProject
Project("{2150E333-8FDC-42A3-9474-1A3956D46DE8}") = "Tests", "Tests", "{92EC597D-0DF4-42B6-A73B-9FFF169B613C}"
EndProject
Project("{9A19103F-16F7-4668-BE54-9A1E7A4F7556}") = "TransactionAPI.IntegrationTests", "TransactionAPI.Tests\TransactionAPI.IntegrationTests.csproj", "{A666AC70-8DA2-4451-8E2C-E31CC372FF5E}"
EndProject
Project("{9A19103F-16F7-4668-BE54-9A1E7A4F7556}") = "TransactionAPI.Messaging.Send", "TransactionAPI.Messaging.Send\TransactionAPI.Messaging.Send.csproj", "{F919548B-CF07-46A4-95AC-D648829CACDB}"
EndProject
Project("{2150E333-8FDC-42A3-9474-1A3956D46DE8}") = "Shared", "Shared", "{27C117D1-2A51-410A-9020-64420D2E9D02}"
EndProject
Project("{FAE04EC0-301F-11D3-BF4B-00C04F79EFBC}") = "TransactionAPI.UnitTests", "TransactionAPI.UnitTests\TransactionAPI.UnitTests.csproj", "{446BC142-4165-425E-BB47-09AB9B22878D}"
EndProject
Global
	GlobalSection(SolutionConfigurationPlatforms) = preSolution
		Debug|Any CPU = Debug|Any CPU
		Release|Any CPU = Release|Any CPU
	EndGlobalSection
	GlobalSection(ProjectConfigurationPlatforms) = postSolution
		{8E02A188-027F-4C23-B929-0887A90319E1}.Debug|Any CPU.ActiveCfg = Debug|Any CPU
		{8E02A188-027F-4C23-B929-0887A90319E1}.Debug|Any CPU.Build.0 = Debug|Any CPU
		{8E02A188-027F-4C23-B929-0887A90319E1}.Release|Any CPU.ActiveCfg = Release|Any CPU
		{8E02A188-027F-4C23-B929-0887A90319E1}.Release|Any CPU.Build.0 = Release|Any CPU
		{D680151E-ACCC-47B9-9FF0-E48410BBD0E3}.Debug|Any CPU.ActiveCfg = Debug|Any CPU
		{D680151E-ACCC-47B9-9FF0-E48410BBD0E3}.Debug|Any CPU.Build.0 = Debug|Any CPU
		{D680151E-ACCC-47B9-9FF0-E48410BBD0E3}.Release|Any CPU.ActiveCfg = Release|Any CPU
		{D680151E-ACCC-47B9-9FF0-E48410BBD0E3}.Release|Any CPU.Build.0 = Release|Any CPU
		{E9F9253C-039D-49F1-8FDE-0C7E66DEF284}.Debug|Any CPU.ActiveCfg = Debug|Any CPU
		{E9F9253C-039D-49F1-8FDE-0C7E66DEF284}.Debug|Any CPU.Build.0 = Debug|Any CPU
		{E9F9253C-039D-49F1-8FDE-0C7E66DEF284}.Release|Any CPU.ActiveCfg = Release|Any CPU
		{E9F9253C-039D-49F1-8FDE-0C7E66DEF284}.Release|Any CPU.Build.0 = Release|Any CPU
		{337A40F9-CDE3-4FB0-B441-3BAAFCC3AD55}.Debug|Any CPU.ActiveCfg = Debug|Any CPU
		{337A40F9-CDE3-4FB0-B441-3BAAFCC3AD55}.Debug|Any CPU.Build.0 = Debug|Any CPU
		{337A40F9-CDE3-4FB0-B441-3BAAFCC3AD55}.Release|Any CPU.ActiveCfg = Release|Any CPU
		{337A40F9-CDE3-4FB0-B441-3BAAFCC3AD55}.Release|Any CPU.Build.0 = Release|Any CPU
		{056CB175-122B-4FA5-BC92-1145187E1A5A}.Debug|Any CPU.ActiveCfg = Debug|Any CPU
		{056CB175-122B-4FA5-BC92-1145187E1A5A}.Debug|Any CPU.Build.0 = Debug|Any CPU
		{056CB175-122B-4FA5-BC92-1145187E1A5A}.Release|Any CPU.ActiveCfg = Release|Any CPU
		{056CB175-122B-4FA5-BC92-1145187E1A5A}.Release|Any CPU.Build.0 = Release|Any CPU
		{7A5F07F9-470C-4E28-AB78-1BF8FBCA0A15}.Debug|Any CPU.ActiveCfg = Debug|Any CPU
		{7A5F07F9-470C-4E28-AB78-1BF8FBCA0A15}.Debug|Any CPU.Build.0 = Debug|Any CPU
		{7A5F07F9-470C-4E28-AB78-1BF8FBCA0A15}.Release|Any CPU.ActiveCfg = Release|Any CPU
		{7A5F07F9-470C-4E28-AB78-1BF8FBCA0A15}.Release|Any CPU.Build.0 = Release|Any CPU
		{F44DB333-9148-4AE2-9D17-A98C3CF560E1}.Debug|Any CPU.ActiveCfg = Debug|Any CPU
		{F44DB333-9148-4AE2-9D17-A98C3CF560E1}.Debug|Any CPU.Build.0 = Debug|Any CPU
		{F44DB333-9148-4AE2-9D17-A98C3CF560E1}.Release|Any CPU.ActiveCfg = Release|Any CPU
		{F44DB333-9148-4AE2-9D17-A98C3CF560E1}.Release|Any CPU.Build.0 = Release|Any CPU
		{A666AC70-8DA2-4451-8E2C-E31CC372FF5E}.Debug|Any CPU.ActiveCfg = Debug|Any CPU
		{A666AC70-8DA2-4451-8E2C-E31CC372FF5E}.Debug|Any CPU.Build.0 = Debug|Any CPU
		{A666AC70-8DA2-4451-8E2C-E31CC372FF5E}.Release|Any CPU.ActiveCfg = Release|Any CPU
		{A666AC70-8DA2-4451-8E2C-E31CC372FF5E}.Release|Any CPU.Build.0 = Release|Any CPU
		{F919548B-CF07-46A4-95AC-D648829CACDB}.Debug|Any CPU.ActiveCfg = Debug|Any CPU
		{F919548B-CF07-46A4-95AC-D648829CACDB}.Debug|Any CPU.Build.0 = Debug|Any CPU
		{F919548B-CF07-46A4-95AC-D648829CACDB}.Release|Any CPU.ActiveCfg = Release|Any CPU
		{F919548B-CF07-46A4-95AC-D648829CACDB}.Release|Any CPU.Build.0 = Release|Any CPU
		{446BC142-4165-425E-BB47-09AB9B22878D}.Debug|Any CPU.ActiveCfg = Debug|Any CPU
		{446BC142-4165-425E-BB47-09AB9B22878D}.Debug|Any CPU.Build.0 = Debug|Any CPU
		{446BC142-4165-425E-BB47-09AB9B22878D}.Release|Any CPU.ActiveCfg = Release|Any CPU
		{446BC142-4165-425E-BB47-09AB9B22878D}.Release|Any CPU.Build.0 = Release|Any CPU
	EndGlobalSection
	GlobalSection(SolutionProperties) = preSolution
		HideSolutionNode = FALSE
	EndGlobalSection
	GlobalSection(NestedProjects) = preSolution
		{8E02A188-027F-4C23-B929-0887A90319E1} = {E0F555A5-29E2-44FE-80B6-382E184E001A}
		{D680151E-ACCC-47B9-9FF0-E48410BBD0E3} = {E0F555A5-29E2-44FE-80B6-382E184E001A}
		{E9F9253C-039D-49F1-8FDE-0C7E66DEF284} = {27C117D1-2A51-410A-9020-64420D2E9D02}
		{337A40F9-CDE3-4FB0-B441-3BAAFCC3AD55} = {27C117D1-2A51-410A-9020-64420D2E9D02}
		{056CB175-122B-4FA5-BC92-1145187E1A5A} = {27C117D1-2A51-410A-9020-64420D2E9D02}
		{7A5F07F9-470C-4E28-AB78-1BF8FBCA0A15} = {E0F555A5-29E2-44FE-80B6-382E184E001A}
		{F44DB333-9148-4AE2-9D17-A98C3CF560E1} = {E0F555A5-29E2-44FE-80B6-382E184E001A}
		{A666AC70-8DA2-4451-8E2C-E31CC372FF5E} = {92EC597D-0DF4-42B6-A73B-9FFF169B613C}
		{F919548B-CF07-46A4-95AC-D648829CACDB} = {E0F555A5-29E2-44FE-80B6-382E184E001A}
		{446BC142-4165-425E-BB47-09AB9B22878D} = {92EC597D-0DF4-42B6-A73B-9FFF169B613C}
	EndGlobalSection
	GlobalSection(ExtensibilityGlobals) = postSolution
		SolutionGuid = {0A142289-E2C0-4EB9-B36C-2233341400C9}
	EndGlobalSection
EndGlobal
